github.com/joho/godotenv v1.5.1 h1:7eLL/+HRGLY0ldzfGMeQkb7vMd0as4CfYvUVzLqw0N0=
github.com/joho/godotenv v1.5.1/go.mod h1:f4LDr5Voq0i2e/R5DDNOoa2zzDfwtkZa6DnEwAbqwq4=
github.com/yangyin5127/randomhash v0.0.0-20181223130846-37600aa53f20 h1:lREuqzKBj+FdVJYKrCd4Wirx0HQO4SEM2ONWNULQbfU=
github.com/yangyin5127/randomhash v0.0.0-20181223130846-37600aa53f20/go.mod h1:RnPgD2QMQu8ZnIJWLjEaC3xhYeHoJxiFHQhQfY1BDZw=
